
Microsoft Visual Studio Solution File, Format Version 12.00
# Visual Studio Version 17
VisualStudioVersion = 17.3.32929.385
MinimumVisualStudioVersion = 10.0.40219.1
Project("{FAE04EC0-301F-11D3-BF4B-00C04F79EFBC}") = "BlazorApp1", "BlazorApp1.csproj", "{9F576083-79AA-42FD-825D-00BE32FA1A75}"
EndProject
Global
	GlobalSection(SolutionConfigurationPlatforms) = preSolution
		Debug|Any CPU = Debug|Any CPU
		Release|Any CPU = Release|Any CPU
	EndGlobalSection
	GlobalSection(ProjectConfigurationPlatforms) = postSolution
		{9F576083-79AA-42FD-825D-00BE32FA1A75}.Debug|Any CPU.ActiveCfg = Debug|Any CPU
		{9F576083-79AA-42FD-825D-00BE32FA1A75}.Debug|Any CPU.Build.0 = Debug|Any CPU
		{9F576083-79AA-42FD-825D-00BE32FA1A75}.Release|Any CPU.ActiveCfg = Release|Any CPU
		{9F576083-79AA-42FD-825D-00BE32FA1A75}.Release|Any CPU.Build.0 = Release|Any CPU
	EndGlobalSection
	GlobalSection(SolutionProperties) = preSolution
		HideSolutionNode = FALSE
	EndGlobalSection
	GlobalSection(ExtensibilityGlobals) = postSolution
		SolutionGuid = {8083085B-3759-4C16-8796-7A85D38CA85C}
	EndGlobalSection
EndGlobal
